
Microsoft Visual Studio Solution File, Format Version 12.00
# Visual Studio Version 16
VisualStudioVersion = 25.0.1706.8
MinimumVisualStudioVersion = 10.0.40219.1
Project("{FAE04EC0-301F-11D3-BF4B-00C04F79EFBC}") = "MinimalApi", "MinimalApi\MinimalApi.csproj", "{D670F1B0-5717-4EBF-99FE-753A485B9EBD}"
EndProject
Global
	GlobalSection(SolutionConfigurationPlatforms) = preSolution
		Debug|Any CPU = Debug|Any CPU
		Release|Any CPU = Release|Any CPU
	EndGlobalSection
	GlobalSection(ProjectConfigurationPlatforms) = postSolution
		{D670F1B0-5717-4EBF-99FE-753A485B9EBD}.Debug|Any CPU.ActiveCfg = Debug|Any CPU
		{D670F1B0-5717-4EBF-99FE-753A485B9EBD}.Debug|Any CPU.Build.0 = Debug|Any CPU
		{D670F1B0-5717-4EBF-99FE-753A485B9EBD}.Release|Any CPU.ActiveCfg = Release|Any CPU
		{D670F1B0-5717-4EBF-99FE-753A485B9EBD}.Release|Any CPU.Build.0 = Release|Any CPU
	EndGlobalSection
	GlobalSection(SolutionProperties) = preSolution
		HideSolutionNode = FALSE
	EndGlobalSection
	GlobalSection(ExtensibilityGlobals) = postSolution
		SolutionGuid = {AB482C5F-413B-431D-BD0E-E66E6C79646F}
	EndGlobalSection
EndGlobal
